<?xml version="1.0" encoding="utf-8"?>
<Project ToolsVersion="4.0" xmlns="http://schemas.microsoft.com/developer/msbuild/2003">
  <ItemGroup>
    <Filter Include="Source Files">
      <UniqueIdentifier>{9b237a02-8f33-428f-98ec-6d914e8c1cb4}</UniqueIdentifier>
      <Extensions>cpp;c;cxx;rc;def;r;odl;idl;hpj;bat</Extensions>
    </Filter>
    <Filter Include="Header Files">
      <UniqueIdentifier>{4522313e-1886-4a91-b585-6f6b5f014eaf}</UniqueIdentifier>
      <Extensions>h;hpp;hxx;hm;inl</Extensions>
    </Filter>
    <Filter Include="Resource Files">
      <UniqueIdentifier>{58c2cd39-834b-4395-b2b0-93aaf35bfa53}</UniqueIdentifier>
      <Extensions>ico;cur;bmp;dlg;rc2;rct;bin;rgs;gif;jpg;jpeg;jpe</Extensions>
    </Filter>
    <Filter Include="Interfaces">
      <UniqueIdentifier>{52849a10-00ff-4a7a-9292-ee766ae9f169}</UniqueIdentifier>
      <Extensions>ui</Extensions>
    </Filter>
  </ItemGroup>
  <ItemGroup>
    <ClCompile Include="moc_msnclient.cpp">
      <Filter>Source Files</Filter>
    </ClCompile>
    <ClCompile Include="moc_msnconfig.cpp">
      <Filter>Source Files</Filter>
    </ClCompile>
    <ClCompile Include="moc_msnconfigbase.cpp">
      <Filter>Source Files</Filter>
    </ClCompile>
    <ClCompile Include="moc_msnhttp.cpp">
      <Filter>Source Files</Filter>
    </ClCompile>
    <ClCompile Include="moc_msninfo.cpp">
      <Filter>Source Files</Filter>
    </ClCompile>
    <ClCompile Include="moc_msninfobase.cpp">
      <Filter>Source Files</Filter>
    </ClCompile>
    <ClCompile Include="moc_msnsearch.cpp">
      <Filter>Source Files</Filter>
    </ClCompile>
    <ClCompile Include="moc_msnsearchbase.cpp">
      <Filter>Source Files</Filter>
    </ClCompile>
    <ClCompile Include="msn.cpp">
      <Filter>Source Files</Filter>
    </ClCompile>
    <ClCompile Include="msnclient.cpp">
      <Filter>Source Files</Filter>
    </ClCompile>
    <ClCompile Include="msnconfig.cpp">
      <Filter>Source Files</Filter>
    </ClCompile>
    <ClCompile Include="msnconfigbase.cpp">
      <Filter>Source Files</Filter>
    </ClCompile>
    <ClCompile Include="msnfiletransfer.cpp">
      <Filter>Source Files</Filter>
    </ClCompile>
    <ClCompile Include="msnhttp.cpp">
      <Filter>Source Files</Filter>
    </ClCompile>
    <ClCompile Include="msninfo.cpp">
      <Filter>Source Files</Filter>
    </ClCompile>
    <ClCompile Include="msninfobase.cpp">
      <Filter>Source Files</Filter>
    </ClCompile>
    <ClCompile Include="msnpacket.cpp">
      <Filter>Source Files</Filter>
    </ClCompile>
    <ClCompile Include="msnsearch.cpp">
      <Filter>Source Files</Filter>
    </ClCompile>
    <ClCompile Include="msnsearchbase.cpp">
      <Filter>Source Files</Filter>
    </ClCompile>
    <ClCompile Include="msn_pch.h">
      <Filter>Header Files</Filter>
    </ClCompile>
  </ItemGroup>
  <ItemGroup>
    <ClInclude Include="msn.h">
      <Filter>Header Files</Filter>
    </ClInclude>
    <ClInclude Include="msnpacket.h">
      <Filter>Header Files</Filter>
    </ClInclude>
  </ItemGroup>
  <ItemGroup>
    <ResourceCompile Include="msn.rc">
      <Filter>Resource Files</Filter>
    </ResourceCompile>
  </ItemGroup>
  <ItemGroup>
    <CustomBuild Include="msnclient.h">
      <Filter>Header Files</Filter>
    </CustomBuild>
    <CustomBuild Include="msnconfig.h">
      <Filter>Header Files</Filter>
    </CustomBuild>
    <CustomBuild Include="msnconfigbase.h">
      <Filter>Header Files</Filter>
    </CustomBuild>
    <CustomBuild Include="msnhttp.h">
      <Filter>Header Files</Filter>
    </CustomBuild>
    <CustomBuild Include="msninfo.h">
      <Filter>Header Files</Filter>
    </CustomBuild>
    <CustomBuild Include="msninfobase.h">
      <Filter>Header Files</Filter>
    </CustomBuild>
    <CustomBuild Include="msnsearch.h">
      <Filter>Header Files</Filter>
    </CustomBuild>
    <CustomBuild Include="msnsearchbase.h">
      <Filter>Header Files</Filter>
    </CustomBuild>
    <CustomBuild Include="msnconfigbase.ui">
      <Filter>Interfaces</Filter>
    </CustomBuild>
    <CustomBuild Include="msninfobase.ui">
      <Filter>Interfaces</Filter>
    </CustomBuild>
    <CustomBuild Include="msnsearchbase.ui">
      <Filter>Interfaces</Filter>
    </CustomBuild>
  </ItemGroup>
</Project>