<?xml version="1.0" encoding="utf-8"?>
<Project ToolsVersion="4.0" xmlns="http://schemas.microsoft.com/developer/msbuild/2003">
  <ItemGroup>
    <Filter Include="Source Files">
      <UniqueIdentifier>{38d98e14-6fd6-49b4-ab6f-9e27ccf6bb3a}</UniqueIdentifier>
      <Extensions>cpp;c;cxx;rc;def;r;odl;idl;hpj;bat</Extensions>
    </Filter>
    <Filter Include="Header Files">
      <UniqueIdentifier>{9ac720c2-d683-44d5-a8d0-9a3bca3c0b2a}</UniqueIdentifier>
      <Extensions>h;hpp;hxx;hm;inl</Extensions>
    </Filter>
    <Filter Include="Resource Files">
      <UniqueIdentifier>{4e9987e4-a705-4d2f-bfa0-e4c027845b1c}</UniqueIdentifier>
      <Extensions>ico;cur;bmp;dlg;rc2;rct;bin;rgs;gif;jpg;jpeg;jpe</Extensions>
    </Filter>
    <Filter Include="Interfaces">
      <UniqueIdentifier>{82dd0be3-137c-4ec8-88bf-182ae7813ccf}</UniqueIdentifier>
      <Extensions>ui</Extensions>
    </Filter>
  </ItemGroup>
  <ItemGroup>
    <ClCompile Include="action.cpp">
      <Filter>Source Files</Filter>
    </ClCompile>
    <ClCompile Include="actioncfg.cpp">
      <Filter>Source Files</Filter>
    </ClCompile>
    <ClCompile Include="actioncfgbase.cpp">
      <Filter>Source Files</Filter>
    </ClCompile>
    <ClCompile Include="additem.cpp">
      <Filter>Source Files</Filter>
    </ClCompile>
    <ClCompile Include="additembase.cpp">
      <Filter>Source Files</Filter>
    </ClCompile>
    <ClCompile Include="menucfg.cpp">
      <Filter>Source Files</Filter>
    </ClCompile>
    <ClCompile Include="menucfgbase.cpp">
      <Filter>Source Files</Filter>
    </ClCompile>
    <ClCompile Include="moc_action.cpp">
      <Filter>Source Files</Filter>
    </ClCompile>
    <ClCompile Include="moc_actioncfg.cpp">
      <Filter>Source Files</Filter>
    </ClCompile>
    <ClCompile Include="moc_actioncfgbase.cpp">
      <Filter>Source Files</Filter>
    </ClCompile>
    <ClCompile Include="moc_additem.cpp">
      <Filter>Source Files</Filter>
    </ClCompile>
    <ClCompile Include="moc_additembase.cpp">
      <Filter>Source Files</Filter>
    </ClCompile>
    <ClCompile Include="moc_menucfg.cpp">
      <Filter>Source Files</Filter>
    </ClCompile>
    <ClCompile Include="moc_menucfgbase.cpp">
      <Filter>Source Files</Filter>
    </ClCompile>
  </ItemGroup>
  <ItemGroup>
    <ClInclude Include="actioncfgbase.h">
      <Filter>Header Files</Filter>
    </ClInclude>
    <ClInclude Include="additembase.h">
      <Filter>Header Files</Filter>
    </ClInclude>
    <ClInclude Include="menucfgbase.h">
      <Filter>Header Files</Filter>
    </ClInclude>
  </ItemGroup>
  <ItemGroup>
    <ResourceCompile Include="action.rc">
      <Filter>Resource Files</Filter>
    </ResourceCompile>
  </ItemGroup>
  <ItemGroup>
    <CustomBuild Include="action.h">
      <Filter>Header Files</Filter>
    </CustomBuild>
    <CustomBuild Include="actioncfg.h">
      <Filter>Header Files</Filter>
    </CustomBuild>
    <CustomBuild Include="additem.h">
      <Filter>Header Files</Filter>
    </CustomBuild>
    <CustomBuild Include="menucfg.h">
      <Filter>Header Files</Filter>
    </CustomBuild>
    <CustomBuild Include="actioncfgbase.ui">
      <Filter>Interfaces</Filter>
    </CustomBuild>
    <CustomBuild Include="additembase.ui">
      <Filter>Interfaces</Filter>
    </CustomBuild>
    <CustomBuild Include="menucfgbase.ui">
      <Filter>Interfaces</Filter>
    </CustomBuild>
  </ItemGroup>
</Project>