<?xml version="1.0" encoding="utf-8"?>
<Project ToolsVersion="4.0" xmlns="http://schemas.microsoft.com/developer/msbuild/2003">
  <ItemGroup>
    <Filter Include="Source Files">
      <UniqueIdentifier>{4c88d7fc-a084-4a53-bbfc-1aa1dbdd6032}</UniqueIdentifier>
      <Extensions>cpp;c;cxx;rc;def;r;odl;idl;hpj;bat</Extensions>
    </Filter>
    <Filter Include="Header Files">
      <UniqueIdentifier>{b84cc4ba-4487-4b67-96dd-4e0cc229fa61}</UniqueIdentifier>
      <Extensions>h;hpp;hxx;hm;inl</Extensions>
    </Filter>
    <Filter Include="Resource Files">
      <UniqueIdentifier>{de6fc1bb-ab8d-446a-963b-a1b082c5d554}</UniqueIdentifier>
      <Extensions>ico;cur;bmp;dlg;rc2;rct;bin;rgs;gif;jpg;jpeg;jpe</Extensions>
    </Filter>
    <Filter Include="Interfaces">
      <UniqueIdentifier>{955118b9-f593-4b35-8969-b2c95f6c7883}</UniqueIdentifier>
      <Extensions>ui</Extensions>
    </Filter>
  </ItemGroup>
  <ItemGroup>
    <ClCompile Include="moc_transparent.cpp">
      <Filter>Source Files</Filter>
    </ClCompile>
    <ClCompile Include="moc_transparentcfg.cpp">
      <Filter>Source Files</Filter>
    </ClCompile>
    <ClCompile Include="moc_transparentcfgbase.cpp">
      <Filter>Source Files</Filter>
    </ClCompile>
    <ClCompile Include="transparent.cpp">
      <Filter>Source Files</Filter>
    </ClCompile>
    <ClCompile Include="transparentcfg.cpp">
      <Filter>Source Files</Filter>
    </ClCompile>
    <ClCompile Include="transparentcfgbase.cpp">
      <Filter>Source Files</Filter>
    </ClCompile>
  </ItemGroup>
  <ItemGroup>
    <ResourceCompile Include="transparent.rc">
      <Filter>Resource Files</Filter>
    </ResourceCompile>
  </ItemGroup>
  <ItemGroup>
    <CustomBuild Include="transparent.h">
      <Filter>Header Files</Filter>
    </CustomBuild>
    <CustomBuild Include="transparentcfg.h">
      <Filter>Header Files</Filter>
    </CustomBuild>
    <CustomBuild Include="transparentcfgbase.h">
      <Filter>Header Files</Filter>
    </CustomBuild>
    <CustomBuild Include="transparentcfgbase.ui">
      <Filter>Interfaces</Filter>
    </CustomBuild>
  </ItemGroup>
</Project>