<?xml version="1.0" encoding="utf-8"?>
<Project ToolsVersion="4.0" xmlns="http://schemas.microsoft.com/developer/msbuild/2003">
  <ItemGroup>
    <Filter Include="Source Files">
      <UniqueIdentifier>{4c88e801-2d07-40df-9f4d-6ddef2369825}</UniqueIdentifier>
      <Extensions>cpp;c;cxx;rc;def;r;odl;idl;hpj;bat</Extensions>
    </Filter>
    <Filter Include="Header Files">
      <UniqueIdentifier>{1442eac8-829d-4ebe-9213-46d3db4ea50d}</UniqueIdentifier>
      <Extensions>h;hpp;hxx;hm;inl</Extensions>
    </Filter>
    <Filter Include="Resource Files">
      <UniqueIdentifier>{47f88e2b-16c8-475a-999f-821cb00a658b}</UniqueIdentifier>
      <Extensions>ico;cur;bmp;dlg;rc2;rct;bin;rgs;gif;jpg;jpeg;jpe</Extensions>
    </Filter>
    <Filter Include="Interfaces">
      <UniqueIdentifier>{0e65c218-389f-4eed-b075-a121a59e77d6}</UniqueIdentifier>
      <Extensions>ui</Extensions>
    </Filter>
  </ItemGroup>
  <ItemGroup>
    <ClCompile Include="fontconfig.cpp">
      <Filter>Source Files</Filter>
    </ClCompile>
    <ClCompile Include="fontconfigbase.cpp">
      <Filter>Source Files</Filter>
    </ClCompile>
    <ClCompile Include="moc_fontconfig.cpp">
      <Filter>Source Files</Filter>
    </ClCompile>
    <ClCompile Include="moc_fontconfigbase.cpp">
      <Filter>Source Files</Filter>
    </ClCompile>
    <ClCompile Include="moc_stylescfg.cpp">
      <Filter>Source Files</Filter>
    </ClCompile>
    <ClCompile Include="moc_stylescfgbase.cpp">
      <Filter>Source Files</Filter>
    </ClCompile>
    <ClCompile Include="styles.cpp">
      <Filter>Source Files</Filter>
    </ClCompile>
    <ClCompile Include="stylescfg.cpp">
      <Filter>Source Files</Filter>
    </ClCompile>
    <ClCompile Include="stylescfgbase.cpp">
      <Filter>Source Files</Filter>
    </ClCompile>
  </ItemGroup>
  <ItemGroup>
    <ClInclude Include="fontconfigbase.h">
      <Filter>Header Files</Filter>
    </ClInclude>
    <ClInclude Include="styles.h">
      <Filter>Header Files</Filter>
    </ClInclude>
    <ClInclude Include="stylescfgbase.h">
      <Filter>Header Files</Filter>
    </ClInclude>
  </ItemGroup>
  <ItemGroup>
    <ResourceCompile Include="styles.rc">
      <Filter>Resource Files</Filter>
    </ResourceCompile>
  </ItemGroup>
  <ItemGroup>
    <CustomBuild Include="fontconfig.h">
      <Filter>Header Files</Filter>
    </CustomBuild>
    <CustomBuild Include="stylescfg.h">
      <Filter>Header Files</Filter>
    </CustomBuild>
    <CustomBuild Include="fontconfigbase.ui">
      <Filter>Interfaces</Filter>
    </CustomBuild>
    <CustomBuild Include="stylescfgbase.ui">
      <Filter>Interfaces</Filter>
    </CustomBuild>
  </ItemGroup>
</Project>