<?xml version="1.0" encoding="utf-8"?>
<Project ToolsVersion="4.0" xmlns="http://schemas.microsoft.com/developer/msbuild/2003">
  <ItemGroup>
    <Filter Include="Source Files">
      <UniqueIdentifier>{a370f9e1-d6e2-474b-884f-aa362e661fec}</UniqueIdentifier>
      <Extensions>cpp;c;cxx;rc;def;r;odl;idl;hpj;bat</Extensions>
    </Filter>
    <Filter Include="Source Files\generated">
      <UniqueIdentifier>{1d71f574-8de7-4d25-b78d-08dacd460a2c}</UniqueIdentifier>
    </Filter>
    <Filter Include="Header Files">
      <UniqueIdentifier>{544ec85e-8a3c-41fe-927a-c231208da15f}</UniqueIdentifier>
      <Extensions>h;hpp;hxx;hm;inl</Extensions>
    </Filter>
    <Filter Include="Resource Files">
      <UniqueIdentifier>{f8963570-6674-4135-8c8c-28f90f606567}</UniqueIdentifier>
      <Extensions>ico;cur;bmp;dlg;rc2;rct;bin;rgs;gif;jpg;jpeg;jpe</Extensions>
    </Filter>
  </ItemGroup>
  <ItemGroup>
    <ClCompile Include="sim\aboutdata.cpp">
      <Filter>Source Files</Filter>
    </ClCompile>
    <ClCompile Include="sim\ballonmsg.cpp">
      <Filter>Source Files</Filter>
    </ClCompile>
    <ClCompile Include="sim\buffer.cpp">
      <Filter>Source Files</Filter>
    </ClCompile>
    <ClCompile Include="sim\builtinlogger.cpp">
      <Filter>Source Files</Filter>
    </ClCompile>
    <ClCompile Include="sim\cfg.cpp">
      <Filter>Source Files</Filter>
    </ClCompile>
    <ClCompile Include="sim\cmddef.cpp">
      <Filter>Source Files</Filter>
    </ClCompile>
    <ClCompile Include="sim\contacts.cpp">
      <Filter>Source Files</Filter>
    </ClCompile>
    <ClCompile Include="sim\country.cpp">
      <Filter>Source Files</Filter>
    </ClCompile>
    <ClCompile Include="sim\datepicker.cpp">
      <Filter>Source Files</Filter>
    </ClCompile>
    <ClCompile Include="sim\editfile.cpp">
      <Filter>Source Files</Filter>
    </ClCompile>
    <ClCompile Include="sim\event.cpp">
      <Filter>Source Files</Filter>
    </ClCompile>
    <ClCompile Include="sim\exec.cpp">
      <Filter>Source Files</Filter>
    </ClCompile>
    <ClCompile Include="sim\fetch.cpp">
      <Filter>Source Files</Filter>
    </ClCompile>
    <ClCompile Include="sim\fontedit.cpp">
      <Filter>Source Files</Filter>
    </ClCompile>
    <ClCompile Include="sim\icons.cpp">
      <Filter>Source Files</Filter>
    </ClCompile>
    <ClCompile Include="sim\intedit.cpp">
      <Filter>Source Files</Filter>
    </ClCompile>
    <ClCompile Include="sim\qzip\ioapi.c">
      <Filter>Source Files</Filter>
    </ClCompile>
    <ClCompile Include="sim\linklabel.cpp">
      <Filter>Source Files</Filter>
    </ClCompile>
    <ClCompile Include="sim\listview.cpp">
      <Filter>Source Files</Filter>
    </ClCompile>
    <ClCompile Include="sim\log.cpp">
      <Filter>Source Files</Filter>
    </ClCompile>
    <ClCompile Include="sim\message.cpp">
      <Filter>Source Files</Filter>
    </ClCompile>
    <ClCompile Include="sim\misc.cpp">
      <Filter>Source Files</Filter>
    </ClCompile>
    <ClCompile Include="sim\plugins.cpp">
      <Filter>Source Files</Filter>
    </ClCompile>
    <ClCompile Include="sim\preview.cpp">
      <Filter>Source Files</Filter>
    </ClCompile>
    <ClCompile Include="sim\qchildwidget.cpp">
      <Filter>Source Files</Filter>
    </ClCompile>
    <ClCompile Include="sim\qcolorbutton.cpp">
      <Filter>Source Files</Filter>
    </ClCompile>
    <ClCompile Include="sim\qkeybutton.cpp">
      <Filter>Source Files</Filter>
    </ClCompile>
    <ClCompile Include="sim\qzip\qzip.cpp">
      <Filter>Source Files</Filter>
    </ClCompile>
    <ClCompile Include="sim\sax.cpp">
      <Filter>Source Files</Filter>
    </ClCompile>
    <ClCompile Include="sim\sim.cpp">
      <Filter>Source Files</Filter>
    </ClCompile>
    <ClCompile Include="sim\socket.cpp">
      <Filter>Source Files</Filter>
    </ClCompile>
    <ClCompile Include="sim\sockfactory.cpp">
      <Filter>Source Files</Filter>
    </ClCompile>
    <ClCompile Include="sim\sslclient.cpp">
      <Filter>Source Files</Filter>
    </ClCompile>
    <ClCompile Include="sim\textshow.cpp">
      <Filter>Source Files</Filter>
    </ClCompile>
    <ClCompile Include="sim\toolbtn.cpp">
      <Filter>Source Files</Filter>
    </ClCompile>
    <ClCompile Include="sim\translit.cpp">
      <Filter>Source Files</Filter>
    </ClCompile>
    <ClCompile Include="sim\unquot.cpp">
      <Filter>Source Files</Filter>
    </ClCompile>
    <ClCompile Include="sim\qzip\unzip.c">
      <Filter>Source Files</Filter>
    </ClCompile>
    <ClCompile Include="sim\xsl.cpp">
      <Filter>Source Files</Filter>
    </ClCompile>
    <ClCompile Include="sim\html.cpp">
      <Filter>Source Files\generated</Filter>
    </ClCompile>
    <ClCompile Include="sim\moc_ballonmsg.cpp">
      <Filter>Source Files\generated</Filter>
    </ClCompile>
    <ClCompile Include="sim\moc_datepicker.cpp">
      <Filter>Source Files\generated</Filter>
    </ClCompile>
    <ClCompile Include="sim\moc_editfile.cpp">
      <Filter>Source Files\generated</Filter>
    </ClCompile>
    <ClCompile Include="sim\moc_exec.cpp">
      <Filter>Source Files\generated</Filter>
    </ClCompile>
    <ClCompile Include="sim\moc_fetch.cpp">
      <Filter>Source Files\generated</Filter>
    </ClCompile>
    <ClCompile Include="sim\moc_fontedit.cpp">
      <Filter>Source Files\generated</Filter>
    </ClCompile>
    <ClCompile Include="sim\moc_icons.cpp">
      <Filter>Source Files\generated</Filter>
    </ClCompile>
    <ClCompile Include="sim\moc_intedit.cpp">
      <Filter>Source Files\generated</Filter>
    </ClCompile>
    <ClCompile Include="sim\moc_linklabel.cpp">
      <Filter>Source Files\generated</Filter>
    </ClCompile>
    <ClCompile Include="sim\moc_listview.cpp">
      <Filter>Source Files\generated</Filter>
    </ClCompile>
    <ClCompile Include="sim\moc_qchildwidget.cpp">
      <Filter>Source Files\generated</Filter>
    </ClCompile>
    <ClCompile Include="sim\moc_qcolorbutton.cpp">
      <Filter>Source Files\generated</Filter>
    </ClCompile>
    <ClCompile Include="sim\moc_qkeybutton.cpp">
      <Filter>Source Files\generated</Filter>
    </ClCompile>
    <ClCompile Include="sim\moc_socket.cpp">
      <Filter>Source Files\generated</Filter>
    </ClCompile>
    <ClCompile Include="sim\moc_sockfactory.cpp">
      <Filter>Source Files\generated</Filter>
    </ClCompile>
    <ClCompile Include="sim\moc_textshow.cpp">
      <Filter>Source Files\generated</Filter>
    </ClCompile>
    <ClCompile Include="sim\moc_toolbtn.cpp">
      <Filter>Source Files\generated</Filter>
    </ClCompile>
    <ClCompile Include="sim\sim_pch.h">
      <Filter>Header Files</Filter>
    </ClCompile>
  </ItemGroup>
  <ItemGroup>
    <None Include="sim\icq.ico">
      <Filter>Resource Files</Filter>
    </None>
  </ItemGroup>
  <ItemGroup>
    <ClInclude Include="sim\aboutdata.h">
      <Filter>Header Files</Filter>
    </ClInclude>
    <ClInclude Include="sim\buffer.h">
      <Filter>Header Files</Filter>
    </ClInclude>
    <ClInclude Include="sim\builtinlogger.h">
      <Filter>Header Files</Filter>
    </ClInclude>
    <ClInclude Include="sim\cfg.h">
      <Filter>Header Files</Filter>
    </ClInclude>
    <ClInclude Include="sim\cjk_variants.h">
      <Filter>Header Files</Filter>
    </ClInclude>
    <ClInclude Include="sim\cmddef.h">
      <Filter>Header Files</Filter>
    </ClInclude>
    <ClInclude Include="sim\contacts.h">
      <Filter>Header Files</Filter>
    </ClInclude>
    <ClInclude Include="sim\country.h">
      <Filter>Header Files</Filter>
    </ClInclude>
    <ClInclude Include="sim\event.h">
      <Filter>Header Files</Filter>
    </ClInclude>
    <ClInclude Include="sim\html.h">
      <Filter>Header Files</Filter>
    </ClInclude>
    <ClInclude Include="sim\qzip\ioapi.h">
      <Filter>Header Files</Filter>
    </ClInclude>
    <ClInclude Include="sim\johab_hangul.h">
      <Filter>Header Files</Filter>
    </ClInclude>
    <ClInclude Include="sim\kdeisversion.h">
      <Filter>Header Files</Filter>
    </ClInclude>
    <ClInclude Include="sim\log.h">
      <Filter>Header Files</Filter>
    </ClInclude>
    <ClInclude Include="sim\message.h">
      <Filter>Header Files</Filter>
    </ClInclude>
    <ClInclude Include="sim\misc.h">
      <Filter>Header Files</Filter>
    </ClInclude>
    <ClInclude Include="sim\plugins.h">
      <Filter>Header Files</Filter>
    </ClInclude>
    <ClInclude Include="sim\preview.h">
      <Filter>Header Files</Filter>
    </ClInclude>
    <ClInclude Include="sim\qzip\qzip.h">
      <Filter>Header Files</Filter>
    </ClInclude>
    <ClInclude Include="sim\sax.h">
      <Filter>Header Files</Filter>
    </ClInclude>
    <ClInclude Include="sim\translit.h">
      <Filter>Header Files</Filter>
    </ClInclude>
    <ClInclude Include="sim\unquot.h">
      <Filter>Header Files</Filter>
    </ClInclude>
    <ClInclude Include="sim\qzip\unzip.h">
      <Filter>Header Files</Filter>
    </ClInclude>
    <ClInclude Include="sim\xsl.h">
      <Filter>Header Files</Filter>
    </ClInclude>
  </ItemGroup>
  <ItemGroup>
    <ResourceCompile Include="sim\sim.rc">
      <Filter>Resource Files</Filter>
    </ResourceCompile>
  </ItemGroup>
  <ItemGroup>
    <CustomBuildStep Include="sim\simapi.h">
      <Filter>Header Files</Filter>
    </CustomBuildStep>
  </ItemGroup>
  <ItemGroup>
    <CustomBuild Include="sim\html.ll">
      <Filter>Source Files</Filter>
    </CustomBuild>
    <CustomBuild Include="sim\ballonmsg.h">
      <Filter>Header Files</Filter>
    </CustomBuild>
    <CustomBuild Include="sim\datepicker.h">
      <Filter>Header Files</Filter>
    </CustomBuild>
    <CustomBuild Include="sim\editfile.h">
      <Filter>Header Files</Filter>
    </CustomBuild>
    <CustomBuild Include="sim\exec.h">
      <Filter>Header Files</Filter>
    </CustomBuild>
    <CustomBuild Include="sim\fetch.h">
      <Filter>Header Files</Filter>
    </CustomBuild>
    <CustomBuild Include="sim\fontedit.h">
      <Filter>Header Files</Filter>
    </CustomBuild>
    <CustomBuild Include="sim\icons.h">
      <Filter>Header Files</Filter>
    </CustomBuild>
    <CustomBuild Include="sim\intedit.h">
      <Filter>Header Files</Filter>
    </CustomBuild>
    <CustomBuild Include="sim\linklabel.h">
      <Filter>Header Files</Filter>
    </CustomBuild>
    <CustomBuild Include="sim\listview.h">
      <Filter>Header Files</Filter>
    </CustomBuild>
    <CustomBuild Include="sim\qchildwidget.h">
      <Filter>Header Files</Filter>
    </CustomBuild>
    <CustomBuild Include="sim\qcolorbutton.h">
      <Filter>Header Files</Filter>
    </CustomBuild>
    <CustomBuild Include="sim\qkeybutton.h">
      <Filter>Header Files</Filter>
    </CustomBuild>
    <CustomBuild Include="sim\socket.h">
      <Filter>Header Files</Filter>
    </CustomBuild>
    <CustomBuild Include="sim\sockfactory.h">
      <Filter>Header Files</Filter>
    </CustomBuild>
    <CustomBuild Include="sim\textshow.h">
      <Filter>Header Files</Filter>
    </CustomBuild>
    <CustomBuild Include="sim\toolbtn.h">
      <Filter>Header Files</Filter>
    </CustomBuild>
  </ItemGroup>
</Project>