<?xml version="1.0" encoding="utf-8"?>
<Project ToolsVersion="4.0" xmlns="http://schemas.microsoft.com/developer/msbuild/2003">
  <ItemGroup>
    <Filter Include="Source Files">
      <UniqueIdentifier>{d438f56b-ec7f-40b4-b1f4-a8f924314eb4}</UniqueIdentifier>
      <Extensions>cpp;c;cxx;rc;def;r;odl;idl;hpj;bat</Extensions>
    </Filter>
    <Filter Include="Header Files">
      <UniqueIdentifier>{5e78ecfb-677e-4b25-a7d2-ad3a28816ce6}</UniqueIdentifier>
      <Extensions>h;hpp;hxx;hm;inl</Extensions>
    </Filter>
    <Filter Include="Resource Files">
      <UniqueIdentifier>{733ea5bf-24db-4cf7-8687-49e844d4a3fc}</UniqueIdentifier>
      <Extensions>ico;cur;bmp;dlg;rc2;rct;bin;rgs;gif;jpg;jpeg;jpe</Extensions>
    </Filter>
    <Filter Include="Interfaces">
      <UniqueIdentifier>{4e3ecb52-047f-40ff-8dea-5892d64e5102}</UniqueIdentifier>
      <Extensions>ui</Extensions>
    </Filter>
  </ItemGroup>
  <ItemGroup>
    <ClCompile Include="journalsearch.cpp">
      <Filter>Source Files</Filter>
    </ClCompile>
    <ClCompile Include="journalsearchbase.cpp">
      <Filter>Source Files</Filter>
    </ClCompile>
    <ClCompile Include="livejournal.cpp">
      <Filter>Source Files</Filter>
    </ClCompile>
    <ClCompile Include="livejournalcfg.cpp">
      <Filter>Source Files</Filter>
    </ClCompile>
    <ClCompile Include="livejournalcfgbase.cpp">
      <Filter>Source Files</Filter>
    </ClCompile>
    <ClCompile Include="moc_journalsearch.cpp">
      <Filter>Source Files</Filter>
    </ClCompile>
    <ClCompile Include="moc_journalsearchbase.cpp">
      <Filter>Source Files</Filter>
    </ClCompile>
    <ClCompile Include="moc_livejournal.cpp">
      <Filter>Source Files</Filter>
    </ClCompile>
    <ClCompile Include="moc_livejournalcfg.cpp">
      <Filter>Source Files</Filter>
    </ClCompile>
    <ClCompile Include="moc_livejournalcfgbase.cpp">
      <Filter>Source Files</Filter>
    </ClCompile>
    <ClCompile Include="moc_msgjournal.cpp">
      <Filter>Source Files</Filter>
    </ClCompile>
    <ClCompile Include="moc_msgjournalbase.cpp">
      <Filter>Source Files</Filter>
    </ClCompile>
    <ClCompile Include="msgjournal.cpp">
      <Filter>Source Files</Filter>
    </ClCompile>
    <ClCompile Include="msgjournalbase.cpp">
      <Filter>Source Files</Filter>
    </ClCompile>
  </ItemGroup>
  <ItemGroup>
    <ClInclude Include="journalsearchbase.h">
      <Filter>Header Files</Filter>
    </ClInclude>
    <ClInclude Include="livejournalcfgbase.h">
      <Filter>Header Files</Filter>
    </ClInclude>
    <ClInclude Include="msgjournalbase.h">
      <Filter>Header Files</Filter>
    </ClInclude>
  </ItemGroup>
  <ItemGroup>
    <ResourceCompile Include="livejournal.rc">
      <Filter>Resource Files</Filter>
    </ResourceCompile>
  </ItemGroup>
  <ItemGroup>
    <CustomBuild Include="journalsearch.h">
      <Filter>Header Files</Filter>
    </CustomBuild>
    <CustomBuild Include="livejournal.h">
      <Filter>Header Files</Filter>
    </CustomBuild>
    <CustomBuild Include="livejournalcfg.h">
      <Filter>Header Files</Filter>
    </CustomBuild>
    <CustomBuild Include="msgjournal.h">
      <Filter>Header Files</Filter>
    </CustomBuild>
    <CustomBuild Include="journalsearchbase.ui">
      <Filter>Interfaces</Filter>
    </CustomBuild>
    <CustomBuild Include="livejournalcfgbase.ui">
      <Filter>Interfaces</Filter>
    </CustomBuild>
    <CustomBuild Include="msgjournalbase.ui">
      <Filter>Interfaces</Filter>
    </CustomBuild>
  </ItemGroup>
</Project>