<?xml version="1.0" encoding="utf-8"?>
<Project ToolsVersion="4.0" xmlns="http://schemas.microsoft.com/developer/msbuild/2003">
  <ItemGroup>
    <Filter Include="Source Files">
      <UniqueIdentifier>{24fbacf4-30aa-433b-b2ca-dd9a9f939ec3}</UniqueIdentifier>
      <Extensions>cpp;c;cxx;rc;def;r;odl;idl;hpj;bat</Extensions>
    </Filter>
    <Filter Include="Header Files">
      <UniqueIdentifier>{0bfbd9b8-67b3-43dd-8123-119426ae1ebd}</UniqueIdentifier>
      <Extensions>h;hpp;hxx;hm;inl</Extensions>
    </Filter>
    <Filter Include="Resource Files">
      <UniqueIdentifier>{84e1ad9f-d416-4056-968b-1bb9a9a964c0}</UniqueIdentifier>
      <Extensions>ico;cur;bmp;dlg;rc2;rct;bin;rgs;gif;jpg;jpeg;jpe</Extensions>
    </Filter>
    <Filter Include="Interfaces">
      <UniqueIdentifier>{6f39b9ff-2962-443e-9dce-16851e30d308}</UniqueIdentifier>
      <Extensions>ui</Extensions>
    </Filter>
  </ItemGroup>
  <ItemGroup>
    <ClCompile Include="gsm_ta.cpp">
      <Filter>Source Files</Filter>
    </ClCompile>
    <ClCompile Include="moc_gsm_ta.cpp">
      <Filter>Source Files</Filter>
    </ClCompile>
    <ClCompile Include="moc_serial.cpp">
      <Filter>Source Files</Filter>
    </ClCompile>
    <ClCompile Include="moc_sms.cpp">
      <Filter>Source Files</Filter>
    </ClCompile>
    <ClCompile Include="moc_smssetup.cpp">
      <Filter>Source Files</Filter>
    </ClCompile>
    <ClCompile Include="moc_smssetupbase.cpp">
      <Filter>Source Files</Filter>
    </ClCompile>
    <ClCompile Include="serial.cpp">
      <Filter>Source Files</Filter>
    </ClCompile>
    <ClCompile Include="sms.cpp">
      <Filter>Source Files</Filter>
    </ClCompile>
    <ClCompile Include="smssetup.cpp">
      <Filter>Source Files</Filter>
    </ClCompile>
    <ClCompile Include="smssetupbase.cpp">
      <Filter>Source Files</Filter>
    </ClCompile>
  </ItemGroup>
  <ItemGroup>
    <ClInclude Include="smssetupbase.h">
      <Filter>Header Files</Filter>
    </ClInclude>
  </ItemGroup>
  <ItemGroup>
    <ResourceCompile Include="sms.rc">
      <Filter>Resource Files</Filter>
    </ResourceCompile>
  </ItemGroup>
  <ItemGroup>
    <CustomBuild Include="gsm_ta.h">
      <Filter>Header Files</Filter>
    </CustomBuild>
    <CustomBuild Include="serial.h">
      <Filter>Header Files</Filter>
    </CustomBuild>
    <CustomBuild Include="sms.h">
      <Filter>Header Files</Filter>
    </CustomBuild>
    <CustomBuild Include="smssetup.h">
      <Filter>Header Files</Filter>
    </CustomBuild>
    <CustomBuild Include="smssetupbase.ui">
      <Filter>Interfaces</Filter>
    </CustomBuild>
  </ItemGroup>
</Project>