<?xml version="1.0" encoding="utf-8"?>
<Project ToolsVersion="4.0" xmlns="http://schemas.microsoft.com/developer/msbuild/2003">
  <ItemGroup>
    <Filter Include="Source Files">
      <UniqueIdentifier>{3b2cb8ff-afb2-4ccd-93df-ab8b25aed17b}</UniqueIdentifier>
      <Extensions>cpp;c;cxx;rc;def;r;odl;idl;hpj;bat</Extensions>
    </Filter>
    <Filter Include="Header Files">
      <UniqueIdentifier>{3294b730-97c9-4112-b730-50523611e095}</UniqueIdentifier>
      <Extensions>h;hpp;hxx;hm;inl</Extensions>
    </Filter>
    <Filter Include="Resource Files">
      <UniqueIdentifier>{5a05e36f-982a-4bfc-a621-da3d29fd3f22}</UniqueIdentifier>
      <Extensions>ico;cur;bmp;dlg;rc2;rct;bin;rgs;gif;jpg;jpeg;jpe</Extensions>
    </Filter>
    <Filter Include="Interfaces">
      <UniqueIdentifier>{88045f5b-8f8c-4e36-882a-c2572d3d9d3e}</UniqueIdentifier>
      <Extensions>ui</Extensions>
    </Filter>
  </ItemGroup>
  <ItemGroup>
    <ClCompile Include="logconfig.cpp">
      <Filter>Source Files</Filter>
    </ClCompile>
    <ClCompile Include="logconfigbase.cpp">
      <Filter>Source Files</Filter>
    </ClCompile>
    <ClCompile Include="logger.cpp">
      <Filter>Source Files</Filter>
    </ClCompile>
    <ClCompile Include="moc_logconfig.cpp">
      <Filter>Source Files</Filter>
    </ClCompile>
    <ClCompile Include="moc_logconfigbase.cpp">
      <Filter>Source Files</Filter>
    </ClCompile>
    <ClCompile Include="moc_logger.cpp">
      <Filter>Source Files</Filter>
    </ClCompile>
  </ItemGroup>
  <ItemGroup>
    <ResourceCompile Include="logger.rc">
      <Filter>Resource Files</Filter>
    </ResourceCompile>
  </ItemGroup>
  <ItemGroup>
    <CustomBuild Include="logconfig.h">
      <Filter>Header Files</Filter>
    </CustomBuild>
    <CustomBuild Include="logconfigbase.h">
      <Filter>Header Files</Filter>
    </CustomBuild>
    <CustomBuild Include="logger.h">
      <Filter>Header Files</Filter>
    </CustomBuild>
    <CustomBuild Include="logconfigbase.ui">
      <Filter>Interfaces</Filter>
    </CustomBuild>
  </ItemGroup>
</Project>