<?xml version="1.0" encoding="utf-8"?>
<Project ToolsVersion="4.0" xmlns="http://schemas.microsoft.com/developer/msbuild/2003">
  <ItemGroup>
    <Filter Include="Source Files">
      <UniqueIdentifier>{3af99050-961a-46f9-a4ad-6d082712a8cc}</UniqueIdentifier>
      <Extensions>cpp;c;cxx;rc;def;r;odl;idl;hpj;bat</Extensions>
    </Filter>
    <Filter Include="Header Files">
      <UniqueIdentifier>{05722ab3-5421-4203-ac60-e4ec7f76ecf2}</UniqueIdentifier>
      <Extensions>h;hpp;hxx;hm;inl</Extensions>
    </Filter>
    <Filter Include="Resource Files">
      <UniqueIdentifier>{a8a3f9b6-7761-4f6a-88ae-a0425f0d1fa7}</UniqueIdentifier>
      <Extensions>ico;cur;bmp;dlg;rc2;rct;bin;rgs;gif;jpg;jpeg;jpe</Extensions>
    </Filter>
    <Filter Include="Interfaces">
      <UniqueIdentifier>{df1669a0-57a3-45cc-85c9-4adf378e82be}</UniqueIdentifier>
      <Extensions>ui</Extensions>
    </Filter>
  </ItemGroup>
  <ItemGroup>
    <ClCompile Include="moc_osd.cpp">
      <Filter>Source Files</Filter>
    </ClCompile>
    <ClCompile Include="moc_osdconfig.cpp">
      <Filter>Source Files</Filter>
    </ClCompile>
    <ClCompile Include="moc_osdconfigbase.cpp">
      <Filter>Source Files</Filter>
    </ClCompile>
    <ClCompile Include="moc_osdiface.cpp">
      <Filter>Source Files</Filter>
    </ClCompile>
    <ClCompile Include="moc_osdifacebase.cpp">
      <Filter>Source Files</Filter>
    </ClCompile>
    <ClCompile Include="osd.cpp">
      <Filter>Source Files</Filter>
    </ClCompile>
    <ClCompile Include="osdconfig.cpp">
      <Filter>Source Files</Filter>
    </ClCompile>
    <ClCompile Include="osdconfigbase.cpp">
      <Filter>Source Files</Filter>
    </ClCompile>
    <ClCompile Include="osdiface.cpp">
      <Filter>Source Files</Filter>
    </ClCompile>
    <ClCompile Include="osdifacebase.cpp">
      <Filter>Source Files</Filter>
    </ClCompile>
  </ItemGroup>
  <ItemGroup>
    <ResourceCompile Include="osd.rc">
      <Filter>Resource Files</Filter>
    </ResourceCompile>
  </ItemGroup>
  <ItemGroup>
    <CustomBuild Include="osd.h">
      <Filter>Header Files</Filter>
    </CustomBuild>
    <CustomBuild Include="osdconfig.h">
      <Filter>Header Files</Filter>
    </CustomBuild>
    <CustomBuild Include="osdconfigbase.h">
      <Filter>Header Files</Filter>
    </CustomBuild>
    <CustomBuild Include="osdiface.h">
      <Filter>Header Files</Filter>
    </CustomBuild>
    <CustomBuild Include="osdifacebase.h">
      <Filter>Header Files</Filter>
    </CustomBuild>
    <CustomBuild Include="osdconfigbase.ui">
      <Filter>Interfaces</Filter>
    </CustomBuild>
    <CustomBuild Include="osdifacebase.ui">
      <Filter>Interfaces</Filter>
    </CustomBuild>
  </ItemGroup>
</Project>