<?xml version="1.0" encoding="utf-8"?>
<Project ToolsVersion="4.0" xmlns="http://schemas.microsoft.com/developer/msbuild/2003">
  <ItemGroup>
    <Filter Include="Source Files">
      <UniqueIdentifier>{cfa5550d-959b-41a4-95c0-70b4e4c149f4}</UniqueIdentifier>
      <Extensions>cpp;c;cxx;rc;def;r;odl;idl;hpj;bat</Extensions>
    </Filter>
    <Filter Include="Header Files">
      <UniqueIdentifier>{c8139f15-e80e-445b-850b-e981061992de}</UniqueIdentifier>
      <Extensions>h;hpp;hxx;hm;inl</Extensions>
    </Filter>
    <Filter Include="Resource Files">
      <UniqueIdentifier>{17dc5261-a225-453c-9255-1b0b6a9e7fd8}</UniqueIdentifier>
      <Extensions>ico;cur;bmp;dlg;rc2;rct;bin;rgs;gif;jpg;jpeg;jpe</Extensions>
    </Filter>
    <Filter Include="Interfaces">
      <UniqueIdentifier>{d701f563-445c-4ffe-a0cf-8508fda77b01}</UniqueIdentifier>
      <Extensions>ui</Extensions>
    </Filter>
  </ItemGroup>
  <ItemGroup>
    <ClCompile Include="moc_replace.cpp">
      <Filter>Source Files</Filter>
    </ClCompile>
    <ClCompile Include="moc_replacecfg.cpp">
      <Filter>Source Files</Filter>
    </ClCompile>
    <ClCompile Include="moc_replacecfgbase.cpp">
      <Filter>Source Files</Filter>
    </ClCompile>
    <ClCompile Include="replace.cpp">
      <Filter>Source Files</Filter>
    </ClCompile>
    <ClCompile Include="replacecfg.cpp">
      <Filter>Source Files</Filter>
    </ClCompile>
    <ClCompile Include="replacecfgbase.cpp">
      <Filter>Source Files</Filter>
    </ClCompile>
  </ItemGroup>
  <ItemGroup>
    <ClInclude Include="replacecfgbase.h">
      <Filter>Header Files</Filter>
    </ClInclude>
  </ItemGroup>
  <ItemGroup>
    <ResourceCompile Include="replace.rc">
      <Filter>Resource Files</Filter>
    </ResourceCompile>
  </ItemGroup>
  <ItemGroup>
    <CustomBuild Include="replace.h">
      <Filter>Header Files</Filter>
    </CustomBuild>
    <CustomBuild Include="replacecfg.h">
      <Filter>Header Files</Filter>
    </CustomBuild>
    <CustomBuild Include="replacecfgbase.ui">
      <Filter>Interfaces</Filter>
    </CustomBuild>
  </ItemGroup>
</Project>