<?xml version="1.0" encoding="utf-8"?>
<Project ToolsVersion="4.0" xmlns="http://schemas.microsoft.com/developer/msbuild/2003">
  <ItemGroup>
    <Filter Include="Source Files">
      <UniqueIdentifier>{0554e92e-bd34-4062-b488-75aef113fd73}</UniqueIdentifier>
      <Extensions>cpp;c;cxx;rc;def;r;odl;idl;hpj;bat</Extensions>
    </Filter>
    <Filter Include="Header Files">
      <UniqueIdentifier>{21e32401-b8dc-4813-bfd0-705ff2a0a9e9}</UniqueIdentifier>
      <Extensions>h;hpp;hxx;hm;inl</Extensions>
    </Filter>
    <Filter Include="Resource Files">
      <UniqueIdentifier>{a465bb83-87d8-47bc-b8a4-88f1208e62f4}</UniqueIdentifier>
      <Extensions>ico;cur;bmp;dlg;rc2;rct;bin;rgs;gif;jpg;jpeg;jpe</Extensions>
    </Filter>
    <Filter Include="Interfaces">
      <UniqueIdentifier>{2fb102ca-890a-4768-adb5-6c5a7b9374e8}</UniqueIdentifier>
      <Extensions>ui</Extensions>
    </Filter>
  </ItemGroup>
  <ItemGroup>
    <ClCompile Include="moc_spell.cpp">
      <Filter>Source Files</Filter>
    </ClCompile>
    <ClCompile Include="moc_spellcfg.cpp">
      <Filter>Source Files</Filter>
    </ClCompile>
    <ClCompile Include="moc_spellcfgbase.cpp">
      <Filter>Source Files</Filter>
    </ClCompile>
    <ClCompile Include="moc_spellfind.cpp">
      <Filter>Source Files</Filter>
    </ClCompile>
    <ClCompile Include="moc_spellfindbase.cpp">
      <Filter>Source Files</Filter>
    </ClCompile>
    <ClCompile Include="moc_spellhighlight.cpp">
      <Filter>Source Files</Filter>
    </ClCompile>
    <ClCompile Include="spell.cpp">
      <Filter>Source Files</Filter>
    </ClCompile>
    <ClCompile Include="spellcfg.cpp">
      <Filter>Source Files</Filter>
    </ClCompile>
    <ClCompile Include="spellcfgbase.cpp">
      <Filter>Source Files</Filter>
    </ClCompile>
    <ClCompile Include="speller.cpp">
      <Filter>Source Files</Filter>
    </ClCompile>
    <ClCompile Include="spellfind.cpp">
      <Filter>Source Files</Filter>
    </ClCompile>
    <ClCompile Include="spellfindbase.cpp">
      <Filter>Source Files</Filter>
    </ClCompile>
    <ClCompile Include="spellhighlight.cpp">
      <Filter>Source Files</Filter>
    </ClCompile>
  </ItemGroup>
  <ItemGroup>
    <ClInclude Include="speller.h">
      <Filter>Header Files</Filter>
    </ClInclude>
    <ClInclude Include="spellfindbase.h">
      <Filter>Header Files</Filter>
    </ClInclude>
  </ItemGroup>
  <ItemGroup>
    <ResourceCompile Include="spell.rc">
      <Filter>Resource Files</Filter>
    </ResourceCompile>
  </ItemGroup>
  <ItemGroup>
    <CustomBuild Include="spell.h">
      <Filter>Header Files</Filter>
    </CustomBuild>
    <CustomBuild Include="spellcfg.h">
      <Filter>Header Files</Filter>
    </CustomBuild>
    <CustomBuild Include="spellcfgbase.h">
      <Filter>Header Files</Filter>
    </CustomBuild>
    <CustomBuild Include="spellfind.h">
      <Filter>Header Files</Filter>
    </CustomBuild>
    <CustomBuild Include="spellhighlight.h">
      <Filter>Header Files</Filter>
    </CustomBuild>
    <CustomBuild Include="spellcfgbase.ui">
      <Filter>Interfaces</Filter>
    </CustomBuild>
    <CustomBuild Include="spellfindbase.ui">
      <Filter>Interfaces</Filter>
    </CustomBuild>
  </ItemGroup>
</Project>