<?xml version="1.0" encoding="utf-8"?>
<Project ToolsVersion="4.0" xmlns="http://schemas.microsoft.com/developer/msbuild/2003">
  <ItemGroup>
    <Filter Include="Source Files">
      <UniqueIdentifier>{f477634b-f379-4946-8d94-7a9fe17a0b8d}</UniqueIdentifier>
      <Extensions>cpp;c;cxx;rc;def;r;odl;idl;hpj;bat</Extensions>
    </Filter>
    <Filter Include="Header Files">
      <UniqueIdentifier>{971559d2-be86-487e-9286-ceec2423d69b}</UniqueIdentifier>
      <Extensions>h;hpp;hxx;hm;inl</Extensions>
    </Filter>
    <Filter Include="Resource Files">
      <UniqueIdentifier>{18a82169-de99-4ce5-b45e-483d32ac325b}</UniqueIdentifier>
      <Extensions>ico;cur;bmp;dlg;rc2;rct;bin;rgs;gif;jpg;jpeg;jpe</Extensions>
    </Filter>
    <Filter Include="Interfaces">
      <UniqueIdentifier>{fb564247-1e37-43a1-a624-9386ec0e2340}</UniqueIdentifier>
      <Extensions>ui</Extensions>
    </Filter>
  </ItemGroup>
  <ItemGroup>
    <ClCompile Include="crypt.cpp">
      <Filter>Source Files</Filter>
    </ClCompile>
    <ClCompile Include="moc_yahoocfg.cpp">
      <Filter>Source Files</Filter>
    </ClCompile>
    <ClCompile Include="moc_yahoocfgbase.cpp">
      <Filter>Source Files</Filter>
    </ClCompile>
    <ClCompile Include="moc_yahooclient.cpp">
      <Filter>Source Files</Filter>
    </ClCompile>
    <ClCompile Include="moc_yahooinfo.cpp">
      <Filter>Source Files</Filter>
    </ClCompile>
    <ClCompile Include="moc_yahooinfobase.cpp">
      <Filter>Source Files</Filter>
    </ClCompile>
    <ClCompile Include="moc_yahoosearch.cpp">
      <Filter>Source Files</Filter>
    </ClCompile>
    <ClCompile Include="moc_yahoosearchbase.cpp">
      <Filter>Source Files</Filter>
    </ClCompile>
    <ClCompile Include="yahoo.cpp">
      <Filter>Source Files</Filter>
    </ClCompile>
    <ClCompile Include="yahooauth.cpp">
      <Filter>Source Files</Filter>
    </ClCompile>
    <ClCompile Include="yahoocfg.cpp">
      <Filter>Source Files</Filter>
    </ClCompile>
    <ClCompile Include="yahoocfgbase.cpp">
      <Filter>Source Files</Filter>
    </ClCompile>
    <ClCompile Include="yahooclient.cpp">
      <Filter>Source Files</Filter>
    </ClCompile>
    <ClCompile Include="yahoofiletransfer.cpp">
      <Filter>Source Files</Filter>
    </ClCompile>
    <ClCompile Include="yahoohttp.cpp">
      <Filter>Source Files</Filter>
    </ClCompile>
    <ClCompile Include="yahooinfo.cpp">
      <Filter>Source Files</Filter>
    </ClCompile>
    <ClCompile Include="yahooinfobase.cpp">
      <Filter>Source Files</Filter>
    </ClCompile>
    <ClCompile Include="yahoosearch.cpp">
      <Filter>Source Files</Filter>
    </ClCompile>
    <ClCompile Include="yahoosearchbase.cpp">
      <Filter>Source Files</Filter>
    </ClCompile>
    <ClCompile Include="yahootransformtables.c">
      <Filter>Source Files</Filter>
    </ClCompile>
    <ClCompile Include="yahoo_pch.h">
      <Filter>Header Files</Filter>
    </ClCompile>
  </ItemGroup>
  <ItemGroup>
    <ClInclude Include="yahoo.h">
      <Filter>Header Files</Filter>
    </ClInclude>
    <ClInclude Include="yahoocfgbase.h">
      <Filter>Header Files</Filter>
    </ClInclude>
    <ClInclude Include="yahooinfobase.h">
      <Filter>Header Files</Filter>
    </ClInclude>
    <ClInclude Include="yahoosearchbase.h">
      <Filter>Header Files</Filter>
    </ClInclude>
  </ItemGroup>
  <ItemGroup>
    <ResourceCompile Include="yahoo.rc">
      <Filter>Resource Files</Filter>
    </ResourceCompile>
  </ItemGroup>
  <ItemGroup>
    <CustomBuild Include="yahoocfg.h">
      <Filter>Header Files</Filter>
    </CustomBuild>
    <CustomBuild Include="yahooclient.h">
      <Filter>Header Files</Filter>
    </CustomBuild>
    <CustomBuild Include="yahooinfo.h">
      <Filter>Header Files</Filter>
    </CustomBuild>
    <CustomBuild Include="yahoosearch.h">
      <Filter>Header Files</Filter>
    </CustomBuild>
    <CustomBuild Include="yahoocfgbase.ui">
      <Filter>Interfaces</Filter>
    </CustomBuild>
    <CustomBuild Include="yahooinfobase.ui">
      <Filter>Interfaces</Filter>
    </CustomBuild>
    <CustomBuild Include="yahoosearchbase.ui">
      <Filter>Interfaces</Filter>
    </CustomBuild>
  </ItemGroup>
</Project>