<?xml version="1.0" encoding="utf-8"?>
<Project ToolsVersion="4.0" xmlns="http://schemas.microsoft.com/developer/msbuild/2003">
  <ItemGroup>
    <Filter Include="Source Files">
      <UniqueIdentifier>{f8622ad8-b5d3-4574-a6ea-1c5673a9723c}</UniqueIdentifier>
      <Extensions>cpp;c;cxx;rc;def;r;odl;idl;hpj;bat</Extensions>
    </Filter>
    <Filter Include="Source Files\generated">
      <UniqueIdentifier>{38278083-bdc5-46e3-a950-5b05bff133f7}</UniqueIdentifier>
    </Filter>
    <Filter Include="Header Files">
      <UniqueIdentifier>{bda77cca-3641-42ba-96d0-434c47801050}</UniqueIdentifier>
      <Extensions>h;hpp;hxx;hm;inl</Extensions>
    </Filter>
    <Filter Include="Header Files\generated">
      <UniqueIdentifier>{efa6d2f0-1629-4950-a145-12a4769e1c72}</UniqueIdentifier>
    </Filter>
    <Filter Include="Resource Files">
      <UniqueIdentifier>{4f58207c-b800-4d73-9200-d2e74a430b12}</UniqueIdentifier>
      <Extensions>ico;cur;bmp;dlg;rc2;rct;bin;rgs;gif;jpg;jpeg;jpe</Extensions>
    </Filter>
    <Filter Include="Interfaces">
      <UniqueIdentifier>{9db4049a-0414-4757-ae67-92e9d4b3307c}</UniqueIdentifier>
      <Extensions>ui</Extensions>
    </Filter>
  </ItemGroup>
  <ItemGroup>
    <ClCompile Include="aboutinfo.cpp">
      <Filter>Source Files</Filter>
    </ClCompile>
    <ClCompile Include="advsearch.cpp">
      <Filter>Source Files</Filter>
    </ClCompile>
    <ClCompile Include="aimconfig.cpp">
      <Filter>Source Files</Filter>
    </ClCompile>
    <ClCompile Include="aiminfo.cpp">
      <Filter>Source Files</Filter>
    </ClCompile>
    <ClCompile Include="aimsearch.cpp">
      <Filter>Source Files</Filter>
    </ClCompile>
    <ClCompile Include="aimservices.cpp">
      <Filter>Source Files</Filter>
    </ClCompile>
    <ClCompile Include="encodingdlg.cpp">
      <Filter>Source Files</Filter>
    </ClCompile>
    <ClCompile Include="homeinfo.cpp">
      <Filter>Source Files</Filter>
    </ClCompile>
    <ClCompile Include="icq.cpp">
      <Filter>Source Files</Filter>
    </ClCompile>
    <ClCompile Include="icqbos.cpp">
      <Filter>Source Files</Filter>
    </ClCompile>
    <ClCompile Include="icqbuddy.cpp">
      <Filter>Source Files</Filter>
    </ClCompile>
    <ClCompile Include="icqbuffer.cpp">
      <Filter>Source Files</Filter>
    </ClCompile>
    <ClCompile Include="icqclient.cpp">
      <Filter>Source Files</Filter>
    </ClCompile>
    <ClCompile Include="icqconfig.cpp">
      <Filter>Source Files</Filter>
    </ClCompile>
    <ClCompile Include="icqdirect.cpp">
      <Filter>Source Files</Filter>
    </ClCompile>
    <ClCompile Include="icqicmb.cpp">
      <Filter>Source Files</Filter>
    </ClCompile>
    <ClCompile Include="icqinfo.cpp">
      <Filter>Source Files</Filter>
    </ClCompile>
    <ClCompile Include="icqlists.cpp">
      <Filter>Source Files</Filter>
    </ClCompile>
    <ClCompile Include="icqlocation.cpp">
      <Filter>Source Files</Filter>
    </ClCompile>
    <ClCompile Include="icqlogin.cpp">
      <Filter>Source Files</Filter>
    </ClCompile>
    <ClCompile Include="icqmessage.cpp">
      <Filter>Source Files</Filter>
    </ClCompile>
    <ClCompile Include="icqpicture.cpp">
      <Filter>Source Files</Filter>
    </ClCompile>
    <ClCompile Include="icqping.cpp">
      <Filter>Source Files</Filter>
    </ClCompile>
    <ClCompile Include="icqsearch.cpp">
      <Filter>Source Files</Filter>
    </ClCompile>
    <ClCompile Include="icqsecure.cpp">
      <Filter>Source Files</Filter>
    </ClCompile>
    <ClCompile Include="icqservice.cpp">
      <Filter>Source Files</Filter>
    </ClCompile>
    <ClCompile Include="icqssbi.cpp">
      <Filter>Source Files</Filter>
    </ClCompile>
    <ClCompile Include="icqvarious.cpp">
      <Filter>Source Files</Filter>
    </ClCompile>
    <ClCompile Include="interestsinfo.cpp">
      <Filter>Source Files</Filter>
    </ClCompile>
    <ClCompile Include="moreinfo.cpp">
      <Filter>Source Files</Filter>
    </ClCompile>
    <ClCompile Include="pastinfo.cpp">
      <Filter>Source Files</Filter>
    </ClCompile>
    <ClCompile Include="polling.cpp">
      <Filter>Source Files</Filter>
    </ClCompile>
    <ClCompile Include="rtf.cpp">
      <Filter>Source Files</Filter>
    </ClCompile>
    <ClCompile Include="rtfgen.cpp">
      <Filter>Source Files</Filter>
    </ClCompile>
    <ClCompile Include="securedlg.cpp">
      <Filter>Source Files</Filter>
    </ClCompile>
    <ClCompile Include="snac.cpp">
      <Filter>Source Files</Filter>
    </ClCompile>
    <ClCompile Include="verifydlg.cpp">
      <Filter>Source Files</Filter>
    </ClCompile>
    <ClCompile Include="warndlg.cpp">
      <Filter>Source Files</Filter>
    </ClCompile>
    <ClCompile Include="workinfo.cpp">
      <Filter>Source Files</Filter>
    </ClCompile>
    <ClCompile Include="xml.cpp">
      <Filter>Source Files</Filter>
    </ClCompile>
    <ClCompile Include="aboutinfobase.cpp">
      <Filter>Source Files\generated</Filter>
    </ClCompile>
    <ClCompile Include="advsearchbase.cpp">
      <Filter>Source Files\generated</Filter>
    </ClCompile>
    <ClCompile Include="aimconfigbase.cpp">
      <Filter>Source Files\generated</Filter>
    </ClCompile>
    <ClCompile Include="aiminfobase.cpp">
      <Filter>Source Files\generated</Filter>
    </ClCompile>
    <ClCompile Include="aimsearchbase.cpp">
      <Filter>Source Files\generated</Filter>
    </ClCompile>
    <ClCompile Include="encodingdlgbase.cpp">
      <Filter>Source Files\generated</Filter>
    </ClCompile>
    <ClCompile Include="homeinfobase.cpp">
      <Filter>Source Files\generated</Filter>
    </ClCompile>
    <ClCompile Include="icqconfigbase.cpp">
      <Filter>Source Files\generated</Filter>
    </ClCompile>
    <ClCompile Include="icqinfobase.cpp">
      <Filter>Source Files\generated</Filter>
    </ClCompile>
    <ClCompile Include="icqpicturebase.cpp">
      <Filter>Source Files\generated</Filter>
    </ClCompile>
    <ClCompile Include="icqsearchbase.cpp">
      <Filter>Source Files\generated</Filter>
    </ClCompile>
    <ClCompile Include="icqsecurebase.cpp">
      <Filter>Source Files\generated</Filter>
    </ClCompile>
    <ClCompile Include="interestsinfobase.cpp">
      <Filter>Source Files\generated</Filter>
    </ClCompile>
    <ClCompile Include="moc_aboutinfo.cpp">
      <Filter>Source Files\generated</Filter>
    </ClCompile>
    <ClCompile Include="moc_aboutinfobase.cpp">
      <Filter>Source Files\generated</Filter>
    </ClCompile>
    <ClCompile Include="moc_advsearch.cpp">
      <Filter>Source Files\generated</Filter>
    </ClCompile>
    <ClCompile Include="moc_advsearchbase.cpp">
      <Filter>Source Files\generated</Filter>
    </ClCompile>
    <ClCompile Include="moc_aimconfig.cpp">
      <Filter>Source Files\generated</Filter>
    </ClCompile>
    <ClCompile Include="moc_aimconfigbase.cpp">
      <Filter>Source Files\generated</Filter>
    </ClCompile>
    <ClCompile Include="moc_aiminfo.cpp">
      <Filter>Source Files\generated</Filter>
    </ClCompile>
    <ClCompile Include="moc_aiminfobase.cpp">
      <Filter>Source Files\generated</Filter>
    </ClCompile>
    <ClCompile Include="moc_aimsearch.cpp">
      <Filter>Source Files\generated</Filter>
    </ClCompile>
    <ClCompile Include="moc_aimsearchbase.cpp">
      <Filter>Source Files\generated</Filter>
    </ClCompile>
    <ClCompile Include="moc_encodingdlg.cpp">
      <Filter>Source Files\generated</Filter>
    </ClCompile>
    <ClCompile Include="moc_encodingdlgbase.cpp">
      <Filter>Source Files\generated</Filter>
    </ClCompile>
    <ClCompile Include="moc_homeinfo.cpp">
      <Filter>Source Files\generated</Filter>
    </ClCompile>
    <ClCompile Include="moc_homeinfobase.cpp">
      <Filter>Source Files\generated</Filter>
    </ClCompile>
    <ClCompile Include="moc_icqclient.cpp">
      <Filter>Source Files\generated</Filter>
    </ClCompile>
    <ClCompile Include="moc_icqconfig.cpp">
      <Filter>Source Files\generated</Filter>
    </ClCompile>
    <ClCompile Include="moc_icqconfigbase.cpp">
      <Filter>Source Files\generated</Filter>
    </ClCompile>
    <ClCompile Include="moc_icqdirect.cpp">
      <Filter>Source Files\generated</Filter>
    </ClCompile>
    <ClCompile Include="moc_icqicmb.cpp">
      <Filter>Source Files\generated</Filter>
    </ClCompile>
    <ClCompile Include="moc_icqinfo.cpp">
      <Filter>Source Files\generated</Filter>
    </ClCompile>
    <ClCompile Include="moc_icqinfobase.cpp">
      <Filter>Source Files\generated</Filter>
    </ClCompile>
    <ClCompile Include="moc_icqlocation.cpp">
      <Filter>Source Files\generated</Filter>
    </ClCompile>
    <ClCompile Include="moc_icqpicture.cpp">
      <Filter>Source Files\generated</Filter>
    </ClCompile>
    <ClCompile Include="moc_icqpicturebase.cpp">
      <Filter>Source Files\generated</Filter>
    </ClCompile>
    <ClCompile Include="moc_icqsearch.cpp">
      <Filter>Source Files\generated</Filter>
    </ClCompile>
    <ClCompile Include="moc_icqsearchbase.cpp">
      <Filter>Source Files\generated</Filter>
    </ClCompile>
    <ClCompile Include="moc_icqsecure.cpp">
      <Filter>Source Files\generated</Filter>
    </ClCompile>
    <ClCompile Include="moc_icqsecurebase.cpp">
      <Filter>Source Files\generated</Filter>
    </ClCompile>
    <ClCompile Include="moc_icqssbi.cpp">
      <Filter>Source Files\generated</Filter>
    </ClCompile>
    <ClCompile Include="moc_interestsinfo.cpp">
      <Filter>Source Files\generated</Filter>
    </ClCompile>
    <ClCompile Include="moc_interestsinfobase.cpp">
      <Filter>Source Files\generated</Filter>
    </ClCompile>
    <ClCompile Include="moc_moreinfo.cpp">
      <Filter>Source Files\generated</Filter>
    </ClCompile>
    <ClCompile Include="moc_moreinfobase.cpp">
      <Filter>Source Files\generated</Filter>
    </ClCompile>
    <ClCompile Include="moc_pastinfo.cpp">
      <Filter>Source Files\generated</Filter>
    </ClCompile>
    <ClCompile Include="moc_pastinfobase.cpp">
      <Filter>Source Files\generated</Filter>
    </ClCompile>
    <ClCompile Include="moc_polling.cpp">
      <Filter>Source Files\generated</Filter>
    </ClCompile>
    <ClCompile Include="moc_securedlg.cpp">
      <Filter>Source Files\generated</Filter>
    </ClCompile>
    <ClCompile Include="moc_securedlgbase.cpp">
      <Filter>Source Files\generated</Filter>
    </ClCompile>
    <ClCompile Include="moc_verifydlg.cpp">
      <Filter>Source Files\generated</Filter>
    </ClCompile>
    <ClCompile Include="moc_verifydlgbase.cpp">
      <Filter>Source Files\generated</Filter>
    </ClCompile>
    <ClCompile Include="moc_warndlg.cpp">
      <Filter>Source Files\generated</Filter>
    </ClCompile>
    <ClCompile Include="moc_warndlgbase.cpp">
      <Filter>Source Files\generated</Filter>
    </ClCompile>
    <ClCompile Include="moc_workinfo.cpp">
      <Filter>Source Files\generated</Filter>
    </ClCompile>
    <ClCompile Include="moc_workinfobase.cpp">
      <Filter>Source Files\generated</Filter>
    </ClCompile>
    <ClCompile Include="moreinfobase.cpp">
      <Filter>Source Files\generated</Filter>
    </ClCompile>
    <ClCompile Include="pastinfobase.cpp">
      <Filter>Source Files\generated</Filter>
    </ClCompile>
    <ClCompile Include="securedlgbase.cpp">
      <Filter>Source Files\generated</Filter>
    </ClCompile>
    <ClCompile Include="verifydlgbase.cpp">
      <Filter>Source Files\generated</Filter>
    </ClCompile>
    <ClCompile Include="warndlgbase.cpp">
      <Filter>Source Files\generated</Filter>
    </ClCompile>
    <ClCompile Include="workinfobase.cpp">
      <Filter>Source Files\generated</Filter>
    </ClCompile>
    <ClCompile Include="icq_pch.h">
      <Filter>Header Files</Filter>
    </ClCompile>
  </ItemGroup>
  <ItemGroup>
    <ClInclude Include="icq.h">
      <Filter>Header Files</Filter>
    </ClInclude>
    <ClInclude Include="icq_events.h">
      <Filter>Header Files</Filter>
    </ClInclude>
    <ClInclude Include="icqbuddy.h">
      <Filter>Header Files</Filter>
    </ClInclude>
    <ClInclude Include="icqbuffer.h">
      <Filter>Header Files</Filter>
    </ClInclude>
    <ClInclude Include="icqservice.h">
      <Filter>Header Files</Filter>
    </ClInclude>
    <ClInclude Include="snac.h">
      <Filter>Header Files</Filter>
    </ClInclude>
    <ClInclude Include="advsearchbase.h">
      <Filter>Header Files\generated</Filter>
    </ClInclude>
    <ClInclude Include="aimconfigbase.h">
      <Filter>Header Files\generated</Filter>
    </ClInclude>
    <ClInclude Include="aiminfobase.h">
      <Filter>Header Files\generated</Filter>
    </ClInclude>
    <ClInclude Include="aimsearchbase.h">
      <Filter>Header Files\generated</Filter>
    </ClInclude>
    <ClInclude Include="encodingdlgbase.h">
      <Filter>Header Files\generated</Filter>
    </ClInclude>
    <ClInclude Include="warndlgbase.h">
      <Filter>Header Files\generated</Filter>
    </ClInclude>
  </ItemGroup>
  <ItemGroup>
    <ResourceCompile Include="icq.rc">
      <Filter>Resource Files</Filter>
    </ResourceCompile>
  </ItemGroup>
  <ItemGroup>
    <CustomBuild Include="rtf.ll">
      <Filter>Source Files</Filter>
    </CustomBuild>
    <CustomBuild Include="aboutinfo.h">
      <Filter>Header Files</Filter>
    </CustomBuild>
    <CustomBuild Include="advsearch.h">
      <Filter>Header Files</Filter>
    </CustomBuild>
    <CustomBuild Include="aimconfig.h">
      <Filter>Header Files</Filter>
    </CustomBuild>
    <CustomBuild Include="aiminfo.h">
      <Filter>Header Files</Filter>
    </CustomBuild>
    <CustomBuild Include="aimsearch.h">
      <Filter>Header Files</Filter>
    </CustomBuild>
    <CustomBuild Include="encodingdlg.h">
      <Filter>Header Files</Filter>
    </CustomBuild>
    <CustomBuild Include="homeinfo.h">
      <Filter>Header Files</Filter>
    </CustomBuild>
    <CustomBuild Include="icqclient.h">
      <Filter>Header Files</Filter>
    </CustomBuild>
    <CustomBuild Include="icqconfig.h">
      <Filter>Header Files</Filter>
    </CustomBuild>
    <CustomBuild Include="icqdirect.h">
      <Filter>Header Files</Filter>
    </CustomBuild>
    <CustomBuild Include="icqicmb.h">
      <Filter>Header Files</Filter>
    </CustomBuild>
    <CustomBuild Include="icqinfo.h">
      <Filter>Header Files</Filter>
    </CustomBuild>
    <CustomBuild Include="icqlocation.h">
      <Filter>Header Files</Filter>
    </CustomBuild>
    <CustomBuild Include="icqmessage.h">
      <Filter>Header Files</Filter>
    </CustomBuild>
    <CustomBuild Include="icqpicture.h">
      <Filter>Header Files</Filter>
    </CustomBuild>
    <CustomBuild Include="icqsearch.h">
      <Filter>Header Files</Filter>
    </CustomBuild>
    <CustomBuild Include="icqsecure.h">
      <Filter>Header Files</Filter>
    </CustomBuild>
    <CustomBuild Include="icqssbi.h">
      <Filter>Header Files</Filter>
    </CustomBuild>
    <CustomBuild Include="interestsinfo.h">
      <Filter>Header Files</Filter>
    </CustomBuild>
    <CustomBuild Include="moreinfo.h">
      <Filter>Header Files</Filter>
    </CustomBuild>
    <CustomBuild Include="pastinfo.h">
      <Filter>Header Files</Filter>
    </CustomBuild>
    <CustomBuild Include="polling.h">
      <Filter>Header Files</Filter>
    </CustomBuild>
    <CustomBuild Include="securedlg.h">
      <Filter>Header Files</Filter>
    </CustomBuild>
    <CustomBuild Include="verifydlg.h">
      <Filter>Header Files</Filter>
    </CustomBuild>
    <CustomBuild Include="warndlg.h">
      <Filter>Header Files</Filter>
    </CustomBuild>
    <CustomBuild Include="workinfo.h">
      <Filter>Header Files</Filter>
    </CustomBuild>
    <CustomBuild Include="aboutinfobase.h">
      <Filter>Header Files\generated</Filter>
    </CustomBuild>
    <CustomBuild Include="homeinfobase.h">
      <Filter>Header Files\generated</Filter>
    </CustomBuild>
    <CustomBuild Include="icqconfigbase.h">
      <Filter>Header Files\generated</Filter>
    </CustomBuild>
    <CustomBuild Include="icqinfobase.h">
      <Filter>Header Files\generated</Filter>
    </CustomBuild>
    <CustomBuild Include="icqpicturebase.h">
      <Filter>Header Files\generated</Filter>
    </CustomBuild>
    <CustomBuild Include="icqsearchbase.h">
      <Filter>Header Files\generated</Filter>
    </CustomBuild>
    <CustomBuild Include="icqsecurebase.h">
      <Filter>Header Files\generated</Filter>
    </CustomBuild>
    <CustomBuild Include="interestsinfobase.h">
      <Filter>Header Files\generated</Filter>
    </CustomBuild>
    <CustomBuild Include="moreinfobase.h">
      <Filter>Header Files\generated</Filter>
    </CustomBuild>
    <CustomBuild Include="pastinfobase.h">
      <Filter>Header Files\generated</Filter>
    </CustomBuild>
    <CustomBuild Include="securedlgbase.h">
      <Filter>Header Files\generated</Filter>
    </CustomBuild>
    <CustomBuild Include="verifydlgbase.h">
      <Filter>Header Files\generated</Filter>
    </CustomBuild>
    <CustomBuild Include="workinfobase.h">
      <Filter>Header Files\generated</Filter>
    </CustomBuild>
    <CustomBuild Include="aboutinfobase.ui">
      <Filter>Interfaces</Filter>
    </CustomBuild>
    <CustomBuild Include="advsearchbase.ui">
      <Filter>Interfaces</Filter>
    </CustomBuild>
    <CustomBuild Include="aimconfigbase.ui">
      <Filter>Interfaces</Filter>
    </CustomBuild>
    <CustomBuild Include="aiminfobase.ui">
      <Filter>Interfaces</Filter>
    </CustomBuild>
    <CustomBuild Include="aimsearchbase.ui">
      <Filter>Interfaces</Filter>
    </CustomBuild>
    <CustomBuild Include="encodingdlgbase.ui">
      <Filter>Interfaces</Filter>
    </CustomBuild>
    <CustomBuild Include="homeinfobase.ui">
      <Filter>Interfaces</Filter>
    </CustomBuild>
    <CustomBuild Include="icqconfigbase.ui">
      <Filter>Interfaces</Filter>
    </CustomBuild>
    <CustomBuild Include="icqinfobase.ui">
      <Filter>Interfaces</Filter>
    </CustomBuild>
    <CustomBuild Include="icqpicturebase.ui">
      <Filter>Interfaces</Filter>
    </CustomBuild>
    <CustomBuild Include="icqsearchbase.ui">
      <Filter>Interfaces</Filter>
    </CustomBuild>
    <CustomBuild Include="icqsecurebase.ui">
      <Filter>Interfaces</Filter>
    </CustomBuild>
    <CustomBuild Include="interestsinfobase.ui">
      <Filter>Interfaces</Filter>
    </CustomBuild>
    <CustomBuild Include="moreinfobase.ui">
      <Filter>Interfaces</Filter>
    </CustomBuild>
    <CustomBuild Include="pastinfobase.ui">
      <Filter>Interfaces</Filter>
    </CustomBuild>
    <CustomBuild Include="securedlgbase.ui">
      <Filter>Interfaces</Filter>
    </CustomBuild>
    <CustomBuild Include="verifydlgbase.ui">
      <Filter>Interfaces</Filter>
    </CustomBuild>
    <CustomBuild Include="warndlgbase.ui">
      <Filter>Interfaces</Filter>
    </CustomBuild>
    <CustomBuild Include="workinfobase.ui">
      <Filter>Interfaces</Filter>
    </CustomBuild>
  </ItemGroup>
</Project>