<?xml version="1.0" encoding="utf-8"?>
<Project ToolsVersion="4.0" xmlns="http://schemas.microsoft.com/developer/msbuild/2003">
  <ItemGroup>
    <Filter Include="Source Files">
      <UniqueIdentifier>{eb5b11cb-0daf-475a-9d76-33667d7e4261}</UniqueIdentifier>
      <Extensions>cpp;c;cxx;rc;def;r;odl;idl;hpj;bat</Extensions>
    </Filter>
    <Filter Include="Header Files">
      <UniqueIdentifier>{2a1edb76-0f8d-40b7-bbcd-16c93723cf98}</UniqueIdentifier>
      <Extensions>h;hpp;hxx;hm;inl</Extensions>
    </Filter>
    <Filter Include="Resource Files">
      <UniqueIdentifier>{4593b61c-b2ef-415c-ab8f-d9802eb99b98}</UniqueIdentifier>
      <Extensions>ico;cur;bmp;dlg;rc2;rct;bin;rgs;gif;jpg;jpeg;jpe</Extensions>
    </Filter>
    <Filter Include="Interfaces">
      <UniqueIdentifier>{276cbc43-aa64-4d94-8edd-a1ef46ecd7db}</UniqueIdentifier>
      <Extensions>ui</Extensions>
    </Filter>
  </ItemGroup>
  <ItemGroup>
    <ClCompile Include="discoinfo.cpp">
      <Filter>Source Files</Filter>
    </ClCompile>
    <ClCompile Include="discoinfobase.cpp">
      <Filter>Source Files</Filter>
    </ClCompile>
    <ClCompile Include="httppoll.cpp">
      <Filter>Source Files</Filter>
    </ClCompile>
    <ClCompile Include="infoproxy.cpp">
      <Filter>Source Files</Filter>
    </ClCompile>
    <ClCompile Include="infoproxybase.cpp">
      <Filter>Source Files</Filter>
    </ClCompile>
    <ClCompile Include="jabber.cpp">
      <Filter>Source Files</Filter>
    </ClCompile>
    <ClCompile Include="jabber_auth.cpp">
      <Filter>Source Files</Filter>
    </ClCompile>
    <ClCompile Include="jabber_rosters.cpp">
      <Filter>Source Files</Filter>
    </ClCompile>
    <ClCompile Include="jabber_ssl.cpp">
      <Filter>Source Files</Filter>
    </ClCompile>
    <ClCompile Include="jabberaboutinfo.cpp">
      <Filter>Source Files</Filter>
    </ClCompile>
    <ClCompile Include="jabberaboutinfobase.cpp">
      <Filter>Source Files</Filter>
    </ClCompile>
    <ClCompile Include="jabberadd.cpp">
      <Filter>Source Files</Filter>
    </ClCompile>
    <ClCompile Include="jabberaddbase.cpp">
      <Filter>Source Files</Filter>
    </ClCompile>
    <ClCompile Include="jabberbrowser.cpp">
      <Filter>Source Files</Filter>
    </ClCompile>
    <ClCompile Include="jabberbuffer.cpp">
      <Filter>Source Files</Filter>
    </ClCompile>
    <ClCompile Include="jabberclient.cpp">
      <Filter>Source Files</Filter>
    </ClCompile>
    <ClCompile Include="jabberconfig.cpp">
      <Filter>Source Files</Filter>
    </ClCompile>
    <ClCompile Include="jabberconfigbase.cpp">
      <Filter>Source Files</Filter>
    </ClCompile>
    <ClCompile Include="jabberfiletransfer.cpp">
      <Filter>Source Files</Filter>
    </ClCompile>
    <ClCompile Include="jabberhomeinfo.cpp">
      <Filter>Source Files</Filter>
    </ClCompile>
    <ClCompile Include="jabberhomeinfobase.cpp">
      <Filter>Source Files</Filter>
    </ClCompile>
    <ClCompile Include="jabberinfo.cpp">
      <Filter>Source Files</Filter>
    </ClCompile>
    <ClCompile Include="jabberinfobase.cpp">
      <Filter>Source Files</Filter>
    </ClCompile>
    <ClCompile Include="jabbermessage.cpp">
      <Filter>Source Files</Filter>
    </ClCompile>
    <ClCompile Include="jabberpicture.cpp">
      <Filter>Source Files</Filter>
    </ClCompile>
    <ClCompile Include="jabberpicturebase.cpp">
      <Filter>Source Files</Filter>
    </ClCompile>
    <ClCompile Include="jabbersearch.cpp">
      <Filter>Source Files</Filter>
    </ClCompile>
    <ClCompile Include="jabberworkinfo.cpp">
      <Filter>Source Files</Filter>
    </ClCompile>
    <ClCompile Include="jabberworkinfobase.cpp">
      <Filter>Source Files</Filter>
    </ClCompile>
    <ClCompile Include="jidadvsearch.cpp">
      <Filter>Source Files</Filter>
    </ClCompile>
    <ClCompile Include="jidadvsearchbase.cpp">
      <Filter>Source Files</Filter>
    </ClCompile>
    <ClCompile Include="jidsearch.cpp">
      <Filter>Source Files</Filter>
    </ClCompile>
    <ClCompile Include="jidsearchbase.cpp">
      <Filter>Source Files</Filter>
    </ClCompile>
    <ClCompile Include="moc_discoinfo.cpp">
      <Filter>Source Files</Filter>
    </ClCompile>
    <ClCompile Include="moc_discoinfobase.cpp">
      <Filter>Source Files</Filter>
    </ClCompile>
    <ClCompile Include="moc_infoproxy.cpp">
      <Filter>Source Files</Filter>
    </ClCompile>
    <ClCompile Include="moc_infoproxybase.cpp">
      <Filter>Source Files</Filter>
    </ClCompile>
    <ClCompile Include="moc_jabberaboutinfo.cpp">
      <Filter>Source Files</Filter>
    </ClCompile>
    <ClCompile Include="moc_jabberaboutinfobase.cpp">
      <Filter>Source Files</Filter>
    </ClCompile>
    <ClCompile Include="moc_jabberadd.cpp">
      <Filter>Source Files</Filter>
    </ClCompile>
    <ClCompile Include="moc_jabberaddbase.cpp">
      <Filter>Source Files</Filter>
    </ClCompile>
    <ClCompile Include="moc_jabberbrowser.cpp">
      <Filter>Source Files</Filter>
    </ClCompile>
    <ClCompile Include="moc_jabberclient.cpp">
      <Filter>Source Files</Filter>
    </ClCompile>
    <ClCompile Include="moc_jabberconfig.cpp">
      <Filter>Source Files</Filter>
    </ClCompile>
    <ClCompile Include="moc_jabberconfigbase.cpp">
      <Filter>Source Files</Filter>
    </ClCompile>
    <ClCompile Include="moc_jabberhomeinfo.cpp">
      <Filter>Source Files</Filter>
    </ClCompile>
    <ClCompile Include="moc_jabberhomeinfobase.cpp">
      <Filter>Source Files</Filter>
    </ClCompile>
    <ClCompile Include="moc_jabberinfo.cpp">
      <Filter>Source Files</Filter>
    </ClCompile>
    <ClCompile Include="moc_jabberinfobase.cpp">
      <Filter>Source Files</Filter>
    </ClCompile>
    <ClCompile Include="moc_jabberpicture.cpp">
      <Filter>Source Files</Filter>
    </ClCompile>
    <ClCompile Include="moc_jabberpicturebase.cpp">
      <Filter>Source Files</Filter>
    </ClCompile>
    <ClCompile Include="moc_jabbersearch.cpp">
      <Filter>Source Files</Filter>
    </ClCompile>
    <ClCompile Include="moc_jabberworkinfo.cpp">
      <Filter>Source Files</Filter>
    </ClCompile>
    <ClCompile Include="moc_jabberworkinfobase.cpp">
      <Filter>Source Files</Filter>
    </ClCompile>
    <ClCompile Include="moc_jidadvsearch.cpp">
      <Filter>Source Files</Filter>
    </ClCompile>
    <ClCompile Include="moc_jidadvsearchbase.cpp">
      <Filter>Source Files</Filter>
    </ClCompile>
    <ClCompile Include="moc_jidsearch.cpp">
      <Filter>Source Files</Filter>
    </ClCompile>
    <ClCompile Include="moc_jidsearchbase.cpp">
      <Filter>Source Files</Filter>
    </ClCompile>
    <ClCompile Include="jabber_pch.h">
      <Filter>Header Files</Filter>
    </ClCompile>
  </ItemGroup>
  <ItemGroup>
    <ClInclude Include="discoinfobase.h">
      <Filter>Header Files</Filter>
    </ClInclude>
    <ClInclude Include="infoproxybase.h">
      <Filter>Header Files</Filter>
    </ClInclude>
    <ClInclude Include="jabber.h">
      <Filter>Header Files</Filter>
    </ClInclude>
    <ClInclude Include="jabber_events.h">
      <Filter>Header Files</Filter>
    </ClInclude>
    <ClInclude Include="jabber_ssl.h">
      <Filter>Header Files</Filter>
    </ClInclude>
    <ClInclude Include="jabberbuffer.h">
      <Filter>Header Files</Filter>
    </ClInclude>
    <ClInclude Include="jabbermessage.h">
      <Filter>Header Files</Filter>
    </ClInclude>
    <ClInclude Include="jabberpicturebase.h">
      <Filter>Header Files</Filter>
    </ClInclude>
    <ClInclude Include="jidadvsearchbase.h">
      <Filter>Header Files</Filter>
    </ClInclude>
    <ClInclude Include="jidsearchbase.h">
      <Filter>Header Files</Filter>
    </ClInclude>
  </ItemGroup>
  <ItemGroup>
    <ResourceCompile Include="jabber.rc">
      <Filter>Resource Files</Filter>
    </ResourceCompile>
  </ItemGroup>
  <ItemGroup>
    <CustomBuild Include="discoinfo.h">
      <Filter>Header Files</Filter>
    </CustomBuild>
    <CustomBuild Include="infoproxy.h">
      <Filter>Header Files</Filter>
    </CustomBuild>
    <CustomBuild Include="jabberaboutinfo.h">
      <Filter>Header Files</Filter>
    </CustomBuild>
    <CustomBuild Include="jabberaboutinfobase.h">
      <Filter>Header Files</Filter>
    </CustomBuild>
    <CustomBuild Include="jabberadd.h">
      <Filter>Header Files</Filter>
    </CustomBuild>
    <CustomBuild Include="jabberaddbase.h">
      <Filter>Header Files</Filter>
    </CustomBuild>
    <CustomBuild Include="jabberbrowser.h">
      <Filter>Header Files</Filter>
    </CustomBuild>
    <CustomBuild Include="jabberclient.h">
      <Filter>Header Files</Filter>
    </CustomBuild>
    <CustomBuild Include="jabberconfig.h">
      <Filter>Header Files</Filter>
    </CustomBuild>
    <CustomBuild Include="jabberconfigbase.h">
      <Filter>Header Files</Filter>
    </CustomBuild>
    <CustomBuild Include="jabberhomeinfo.h">
      <Filter>Header Files</Filter>
    </CustomBuild>
    <CustomBuild Include="jabberhomeinfobase.h">
      <Filter>Header Files</Filter>
    </CustomBuild>
    <CustomBuild Include="jabberinfo.h">
      <Filter>Header Files</Filter>
    </CustomBuild>
    <CustomBuild Include="jabberinfobase.h">
      <Filter>Header Files</Filter>
    </CustomBuild>
    <CustomBuild Include="jabberpicture.h">
      <Filter>Header Files</Filter>
    </CustomBuild>
    <CustomBuild Include="jabbersearch.h">
      <Filter>Header Files</Filter>
    </CustomBuild>
    <CustomBuild Include="jabberworkinfo.h">
      <Filter>Header Files</Filter>
    </CustomBuild>
    <CustomBuild Include="jabberworkinfobase.h">
      <Filter>Header Files</Filter>
    </CustomBuild>
    <CustomBuild Include="jidadvsearch.h">
      <Filter>Header Files</Filter>
    </CustomBuild>
    <CustomBuild Include="jidsearch.h">
      <Filter>Header Files</Filter>
    </CustomBuild>
    <CustomBuild Include="discoinfobase.ui">
      <Filter>Interfaces</Filter>
    </CustomBuild>
    <CustomBuild Include="infoproxybase.ui">
      <Filter>Interfaces</Filter>
    </CustomBuild>
    <CustomBuild Include="jabberaboutinfobase.ui">
      <Filter>Interfaces</Filter>
    </CustomBuild>
    <CustomBuild Include="jabberaddbase.ui">
      <Filter>Interfaces</Filter>
    </CustomBuild>
    <CustomBuild Include="jabberconfigbase.ui">
      <Filter>Interfaces</Filter>
    </CustomBuild>
    <CustomBuild Include="jabberhomeinfobase.ui">
      <Filter>Interfaces</Filter>
    </CustomBuild>
    <CustomBuild Include="jabberinfobase.ui">
      <Filter>Interfaces</Filter>
    </CustomBuild>
    <CustomBuild Include="jabberpicturebase.ui">
      <Filter>Interfaces</Filter>
    </CustomBuild>
    <CustomBuild Include="jabberworkinfobase.ui">
      <Filter>Interfaces</Filter>
    </CustomBuild>
    <CustomBuild Include="jidadvsearchbase.ui">
      <Filter>Interfaces</Filter>
    </CustomBuild>
    <CustomBuild Include="jidsearchbase.ui">
      <Filter>Interfaces</Filter>
    </CustomBuild>
  </ItemGroup>
</Project>