<?xml version="1.0" encoding="utf-8"?>
<Project ToolsVersion="4.0" xmlns="http://schemas.microsoft.com/developer/msbuild/2003">
  <ItemGroup>
    <Filter Include="Source Files">
      <UniqueIdentifier>{ba1c3d52-3046-4201-a2c0-996b088e4465}</UniqueIdentifier>
      <Extensions>cpp;c;cxx;rc;def;r;odl;idl;hpj;bat</Extensions>
    </Filter>
    <Filter Include="Header Files">
      <UniqueIdentifier>{9a86215e-faec-4051-9d1a-24677300dfe0}</UniqueIdentifier>
      <Extensions>h;hpp;hxx;hm;inl</Extensions>
    </Filter>
    <Filter Include="Interfaces">
      <UniqueIdentifier>{66cb9d2f-d198-4dd9-bcf4-0e759db22f26}</UniqueIdentifier>
      <Extensions>ui</Extensions>
    </Filter>
    <Filter Include="Resource Files">
      <UniqueIdentifier>{6b3576ae-7bb3-4afe-9e78-37a21120d196}</UniqueIdentifier>
    </Filter>
  </ItemGroup>
  <ItemGroup>
    <ClCompile Include="gpg.cpp">
      <Filter>Source Files</Filter>
    </ClCompile>
    <ClCompile Include="gpgadv.cpp">
      <Filter>Source Files</Filter>
    </ClCompile>
    <ClCompile Include="gpgadvbase.cpp">
      <Filter>Source Files</Filter>
    </ClCompile>
    <ClCompile Include="gpgcfg.cpp">
      <Filter>Source Files</Filter>
    </ClCompile>
    <ClCompile Include="gpgcfgbase.cpp">
      <Filter>Source Files</Filter>
    </ClCompile>
    <ClCompile Include="gpgfind.cpp">
      <Filter>Source Files</Filter>
    </ClCompile>
    <ClCompile Include="gpgfindbase.cpp">
      <Filter>Source Files</Filter>
    </ClCompile>
    <ClCompile Include="gpggen.cpp">
      <Filter>Source Files</Filter>
    </ClCompile>
    <ClCompile Include="gpggenbase.cpp">
      <Filter>Source Files</Filter>
    </ClCompile>
    <ClCompile Include="gpguser.cpp">
      <Filter>Source Files</Filter>
    </ClCompile>
    <ClCompile Include="gpguserbase.cpp">
      <Filter>Source Files</Filter>
    </ClCompile>
    <ClCompile Include="moc_gpg.cpp">
      <Filter>Source Files</Filter>
    </ClCompile>
    <ClCompile Include="moc_gpgadv.cpp">
      <Filter>Source Files</Filter>
    </ClCompile>
    <ClCompile Include="moc_gpgadvbase.cpp">
      <Filter>Source Files</Filter>
    </ClCompile>
    <ClCompile Include="moc_gpgcfg.cpp">
      <Filter>Source Files</Filter>
    </ClCompile>
    <ClCompile Include="moc_gpgcfgbase.cpp">
      <Filter>Source Files</Filter>
    </ClCompile>
    <ClCompile Include="moc_gpgfind.cpp">
      <Filter>Source Files</Filter>
    </ClCompile>
    <ClCompile Include="moc_gpgfindbase.cpp">
      <Filter>Source Files</Filter>
    </ClCompile>
    <ClCompile Include="moc_gpggen.cpp">
      <Filter>Source Files</Filter>
    </ClCompile>
    <ClCompile Include="moc_gpggenbase.cpp">
      <Filter>Source Files</Filter>
    </ClCompile>
    <ClCompile Include="moc_gpguser.cpp">
      <Filter>Source Files</Filter>
    </ClCompile>
    <ClCompile Include="moc_gpguserbase.cpp">
      <Filter>Source Files</Filter>
    </ClCompile>
    <ClCompile Include="moc_passphrase.cpp">
      <Filter>Source Files</Filter>
    </ClCompile>
    <ClCompile Include="moc_passphrasebase.cpp">
      <Filter>Source Files</Filter>
    </ClCompile>
    <ClCompile Include="passphrase.cpp">
      <Filter>Source Files</Filter>
    </ClCompile>
    <ClCompile Include="passphrasebase.cpp">
      <Filter>Source Files</Filter>
    </ClCompile>
    <ClCompile Include="gpg_pch.h">
      <Filter>Header Files</Filter>
    </ClCompile>
  </ItemGroup>
  <ItemGroup>
    <ClInclude Include="gpgadvbase.h">
      <Filter>Header Files</Filter>
    </ClInclude>
    <ClInclude Include="gpgcfgbase.h">
      <Filter>Header Files</Filter>
    </ClInclude>
    <ClInclude Include="gpgfindbase.h">
      <Filter>Header Files</Filter>
    </ClInclude>
    <ClInclude Include="gpggenbase.h">
      <Filter>Header Files</Filter>
    </ClInclude>
    <ClInclude Include="gpguserbase.h">
      <Filter>Header Files</Filter>
    </ClInclude>
    <ClInclude Include="passphrasebase.h">
      <Filter>Header Files</Filter>
    </ClInclude>
  </ItemGroup>
  <ItemGroup>
    <ResourceCompile Include="gpg.rc">
      <Filter>Resource Files</Filter>
    </ResourceCompile>
  </ItemGroup>
  <ItemGroup>
    <CustomBuild Include="gpg.h">
      <Filter>Header Files</Filter>
    </CustomBuild>
    <CustomBuild Include="gpgadv.h">
      <Filter>Header Files</Filter>
    </CustomBuild>
    <CustomBuild Include="gpgcfg.h">
      <Filter>Header Files</Filter>
    </CustomBuild>
    <CustomBuild Include="gpgfind.h">
      <Filter>Header Files</Filter>
    </CustomBuild>
    <CustomBuild Include="gpggen.h">
      <Filter>Header Files</Filter>
    </CustomBuild>
    <CustomBuild Include="gpguser.h">
      <Filter>Header Files</Filter>
    </CustomBuild>
    <CustomBuild Include="passphrase.h">
      <Filter>Header Files</Filter>
    </CustomBuild>
    <CustomBuild Include="gpgadvbase.ui">
      <Filter>Interfaces</Filter>
    </CustomBuild>
    <CustomBuild Include="gpgcfgbase.ui">
      <Filter>Interfaces</Filter>
    </CustomBuild>
    <CustomBuild Include="gpgfindbase.ui">
      <Filter>Interfaces</Filter>
    </CustomBuild>
    <CustomBuild Include="gpggenbase.ui">
      <Filter>Interfaces</Filter>
    </CustomBuild>
    <CustomBuild Include="gpguserbase.ui">
      <Filter>Interfaces</Filter>
    </CustomBuild>
    <CustomBuild Include="passphrasebase.ui">
      <Filter>Interfaces</Filter>
    </CustomBuild>
  </ItemGroup>
</Project>