<?xml version="1.0" encoding="utf-8"?>
<Project ToolsVersion="4.0" xmlns="http://schemas.microsoft.com/developer/msbuild/2003">
  <ItemGroup>
    <Filter Include="Source Files">
      <UniqueIdentifier>{d8d4241b-88b3-4de1-8e99-e63e80ba7239}</UniqueIdentifier>
      <Extensions>cpp;c;cxx;rc;def;r;odl;idl;hpj;bat</Extensions>
    </Filter>
    <Filter Include="Header Files">
      <UniqueIdentifier>{d0221594-5b51-4987-b1cd-a75e6cb3a9ff}</UniqueIdentifier>
      <Extensions>h;hpp;hxx;hm;inl</Extensions>
    </Filter>
    <Filter Include="Resource Files">
      <UniqueIdentifier>{470b9bc3-29ab-4fd4-942c-7ad2f081bfa8}</UniqueIdentifier>
      <Extensions>ico;cur;bmp;dlg;rc2;rct;bin;rgs;gif;jpg;jpeg;jpe</Extensions>
    </Filter>
    <Filter Include="Interfaces">
      <UniqueIdentifier>{7b0c6604-39f1-4654-a939-72fd093fdfa8}</UniqueIdentifier>
      <Extensions>ui</Extensions>
    </Filter>
  </ItemGroup>
  <ItemGroup>
    <ClCompile Include="moc_ontop.cpp">
      <Filter>Source Files</Filter>
    </ClCompile>
    <ClCompile Include="moc_ontopcfg.cpp">
      <Filter>Source Files</Filter>
    </ClCompile>
    <ClCompile Include="moc_ontopcfgbase.cpp">
      <Filter>Source Files</Filter>
    </ClCompile>
    <ClCompile Include="ontop.cpp">
      <Filter>Source Files</Filter>
    </ClCompile>
    <ClCompile Include="ontopcfg.cpp">
      <Filter>Source Files</Filter>
    </ClCompile>
    <ClCompile Include="ontopcfgbase.cpp">
      <Filter>Source Files</Filter>
    </ClCompile>
  </ItemGroup>
  <ItemGroup>
    <ResourceCompile Include="ontop.rc">
      <Filter>Resource Files</Filter>
    </ResourceCompile>
  </ItemGroup>
  <ItemGroup>
    <CustomBuild Include="ontop.h">
      <Filter>Header Files</Filter>
    </CustomBuild>
    <CustomBuild Include="ontopcfg.h">
      <Filter>Header Files</Filter>
    </CustomBuild>
    <CustomBuild Include="ontopcfgbase.h">
      <Filter>Header Files</Filter>
    </CustomBuild>
    <CustomBuild Include="ontopcfgbase.ui">
      <Filter>Interfaces</Filter>
    </CustomBuild>
  </ItemGroup>
</Project>